// !$*UTF8*$!
{
	archiveVersion = 1;
	classes = {
	};
	objectVersion = 46;
	objects = {

/* Begin PBXBuildFile section */
		04F3465C1C8ECE140012BF35 /* main.m in Sources */ = {isa = PBXBuildFile; fileRef = 04F3465B1C8ECE140012BF35 /* main.m */; };
		04F3465F1C8ECE140012BF35 /* AppDelegate.m in Sources */ = {isa = PBXBuildFile; fileRef = 04F3465E1C8ECE140012BF35 /* AppDelegate.m */; };
		04F346621C8ECE140012BF35 /* ViewController.m in Sources */ = {isa = PBXBuildFile; fileRef = 04F346611C8ECE140012BF35 /* ViewController.m */; };
		04F346651C8ECE140012BF35 /* Main.storyboard in Resources */ = {isa = PBXBuildFile; fileRef = 04F346631C8ECE140012BF35 /* Main.storyboard */; };
		04F346671C8ECE140012BF35 /* Assets.xcassets in Resources */ = {isa = PBXBuildFile; fileRef = 04F346661C8ECE140012BF35 /* Assets.xcassets */; };
		04F3466A1C8ECE140012BF35 /* LaunchScreen.storyboard in Resources */ = {isa = PBXBuildFile; fileRef = 04F346681C8ECE140012BF35 /* LaunchScreen.storyboard */; };
		04F346751C8ECE140012BF35 /* SJJWaterCollcetionViewLayoutTests.m in Sources */ = {isa = PBXBuildFile; fileRef = 04F346741C8ECE140012BF35 /* SJJWaterCollcetionViewLayoutTests.m */; };
		04F346801C8ECE140012BF35 /* SJJWaterCollcetionViewLayoutUITests.m in Sources */ = {isa = PBXBuildFile; fileRef = 04F3467F1C8ECE140012BF35 /* SJJWaterCollcetionViewLayoutUITests.m */; };
		04F3468F1C8ECE7B0012BF35 /* JWatterLayout.m in Sources */ = {isa = PBXBuildFile; fileRef = 04F3468E1C8ECE7B0012BF35 /* JWatterLayout.m */; };
		04F346921C8ED22E0012BF35 /* JJCollectionViewCell.m in Sources */ = {isa = PBXBuildFile; fileRef = 04F346911C8ED22E0012BF35 /* JJCollectionViewCell.m */; };
/* End PBXBuildFile section */

/* Begin PBXContainerItemProxy section */
		04F346711C8ECE140012BF35 /* PBXContainerItemProxy */ = {
			isa = PBXContainerItemProxy;
			containerPortal = 04F3464F1C8ECE130012BF35 /* Project object */;
			proxyType = 1;
			remoteGlobalIDString = 04F346561C8ECE130012BF35;
			remoteInfo = SJJWaterCollcetionViewLayout;
		};
		04F3467C1C8ECE140012BF35 /* PBXContainerItemProxy */ = {
			isa = PBXContainerItemProxy;
			containerPortal = 04F3464F1C8ECE130012BF35 /* Project object */;
			proxyType = 1;
			remoteGlobalIDString = 04F346561C8ECE130012BF35;
			remoteInfo = SJJWaterCollcetionViewLayout;
		};
/* End PBXContainerItemProxy section */

/* Begin PBXFileReference section */
		04F346571C8ECE130012BF35 /* SJJWaterCollcetionViewLayout.app */ = {isa = PBXFileReference; explicitFileType = wrapper.application; includeInIndex = 0; path = SJJWaterCollcetionViewLayout.app; sourceTree = BUILT_PRODUCTS_DIR; };
		04F3465B1C8ECE140012BF35 /* main.m */ = {isa = PBXFileReference; lastKnownFileType = sourcecode.c.objc; path = main.m; sourceTree = "<group>"; };
		04F3465D1C8ECE140012BF35 /* AppDelegate.h */ = {isa = PBXFileReference; lastKnownFileType = sourcecode.c.h; path = AppDelegate.h; sourceTree = "<group>"; };
		04F3465E1C8ECE140012BF35 /* AppDelegate.m */ = {isa = PBXFileReference; lastKnownFileType = sourcecode.c.objc; path = AppDelegate.m; sourceTree = "<group>"; };
		04F346601C8ECE140012BF35 /* ViewController.h */ = {isa = PBXFileReference; lastKnownFileType = sourcecode.c.h; path = ViewController.h; sourceTree = "<group>"; };
		04F346611C8ECE140012BF35 /* ViewController.m */ = {isa = PBXFileReference; lastKnownFileType = sourcecode.c.objc; path = ViewController.m; sourceTree = "<group>"; };
		04F346641C8ECE140012BF35 /* Base */ = {isa = PBXFileReference; lastKnownFileType = file.storyboard; name = Base; path = Base.lproj/Main.storyboard; sourceTree = "<group>"; };
		04F346661C8ECE140012BF35 /* Assets.xcassets */ = {isa = PBXFileReference; lastKnownFileType = folder.assetcatalog; path = Assets.xcassets; sourceTree = "<group>"; };
		04F346691C8ECE140012BF35 /* Base */ = {isa = PBXFileReference; lastKnownFileType = file.storyboard; name = Base; path = Base.lproj/LaunchScreen.storyboard; sourceTree = "<group>"; };
		04F3466B1C8ECE140012BF35 /* Info.plist */ = {isa = PBXFileReference; lastKnownFileType = text.plist.xml; path = Info.plist; sourceTree = "<group>"; };
		04F346701C8ECE140012BF35 /* SJJWaterCollcetionViewLayoutTests.xctest */ = {isa = PBXFileReference; explicitFileType = wrapper.cfbundle; includeInIndex = 0; path = SJJWaterCollcetionViewLayoutTests.xctest; sourceTree = BUILT_PRODUCTS_DIR; };
		04F346741C8ECE140012BF35 /* SJJWaterCollcetionViewLayoutTests.m */ = {isa = PBXFileReference; lastKnownFileType = sourcecode.c.objc; path = SJJWaterCollcetionViewLayoutTests.m; sourceTree = "<group>"; };
		04F346761C8ECE140012BF35 /* Info.plist */ = {isa = PBXFileReference; lastKnownFileType = text.plist.xml; path = Info.plist; sourceTree = "<group>"; };
		04F3467B1C8ECE140012BF35 /* SJJWaterCollcetionViewLayoutUITests.xctest */ = {isa = PBXFileReference; explicitFileType = wrapper.cfbundle; includeInIndex = 0; path = SJJWaterCollcetionViewLayoutUITests.xctest; sourceTree = BUILT_PRODUCTS_DIR; };
		04F3467F1C8ECE140012BF35 /* SJJWaterCollcetionViewLayoutUITests.m */ = {isa = PBXFileReference; lastKnownFileType = sourcecode.c.objc; path = SJJWaterCollcetionViewLayoutUITests.m; sourceTree = "<group>"; };
		04F346811C8ECE140012BF35 /* Info.plist */ = {isa = PBXFileReference; lastKnownFileType = text.plist.xml; path = Info.plist; sourceTree = "<group>"; };
		04F3468D1C8ECE7B0012BF35 /* JWatterLayout.h */ = {isa = PBXFileReference; fileEncoding = 4; lastKnownFileType = sourcecode.c.h; path = JWatterLayout.h; sourceTree = "<group>"; };
		04F3468E1C8ECE7B0012BF35 /* JWatterLayout.m */ = {isa = PBXFileReference; fileEncoding = 4; lastKnownFileType = sourcecode.c.objc; path = JWatterLayout.m; sourceTree = "<group>"; };
		04F346901C8ED22E0012BF35 /* JJCollectionViewCell.h */ = {isa = PBXFileReference; fileEncoding = 4; lastKnownFileType = sourcecode.c.h; path = JJCollectionViewCell.h; sourceTree = "<group>"; };
		04F346911C8ED22E0012BF35 /* JJCollectionViewCell.m */ = {isa = PBXFileReference; fileEncoding = 4; lastKnownFileType = sourcecode.c.objc; path = JJCollectionViewCell.m; sourceTree = "<group>"; };
		04F8F0A61C91265D0005281C /* PrefixHeader.pch */ = {isa = PBXFileReference; lastKnownFileType = sourcecode.c.h; path = PrefixHeader.pch; sourceTree = "<group>"; };
/* End PBXFileReference section */

/* Begin PBXFrameworksBuildPhase section */
		04F346541C8ECE130012BF35 /* Frameworks */ = {
			isa = PBXFrameworksBuildPhase;
			buildActionMask = 2147483647;
			files = (
			);
			runOnlyForDeploymentPostprocessing = 0;
		};
		04F3466D1C8ECE140012BF35 /* Frameworks */ = {
			isa = PBXFrameworksBuildPhase;
			buildActionMask = 2147483647;
			files = (
			);
			runOnlyForDeploymentPostprocessing = 0;
		};
		04F346781C8ECE140012BF35 /* Frameworks */ = {
			isa = PBXFrameworksBuildPhase;
			buildActionMask = 2147483647;
			files = (
			);
			runOnlyForDeploymentPostprocessing = 0;
		};
/* End PBXFrameworksBuildPhase section */

/* Begin PBXGroup section */
		04F3464E1C8ECE130012BF35 = {
			isa = PBXGroup;
			children = (
				04F346591C8ECE140012BF35 /* SJJWaterCollcetionViewLayout */,
				04F346731C8ECE140012BF35 /* SJJWaterCollcetionViewLayoutTests */,
				04F3467E1C8ECE140012BF35 /* SJJWaterCollcetionViewLayoutUITests */,
				04F346581C8ECE130012BF35 /* Products */,
			);
			sourceTree = "<group>";
		};
		04F346581C8ECE130012BF35 /* Products */ = {
			isa = PBXGroup;
			children = (
				04F346571C8ECE130012BF35 /* SJJWaterCollcetionViewLayout.app */,
				04F346701C8ECE140012BF35 /* SJJWaterCollcetionViewLayoutTests.xctest */,
				04F3467B1C8ECE140012BF35 /* SJJWaterCollcetionViewLayoutUITests.xctest */,
			);
			name = Products;
			sourceTree = "<group>";
		};
		04F346591C8ECE140012BF35 /* SJJWaterCollcetionViewLayout */ = {
			isa = PBXGroup;
			children = (
				04F3465D1C8ECE140012BF35 /* AppDelegate.h */,
				04F3465E1C8ECE140012BF35 /* AppDelegate.m */,
				04F346601C8ECE140012BF35 /* ViewController.h */,
				04F346611C8ECE140012BF35 /* ViewController.m */,
				04F346901C8ED22E0012BF35 /* JJCollectionViewCell.h */,
				04F346911C8ED22E0012BF35 /* JJCollectionViewCell.m */,
				04F3468D1C8ECE7B0012BF35 /* JWatterLayout.h */,
				04F3468E1C8ECE7B0012BF35 /* JWatterLayout.m */,
				04F346631C8ECE140012BF35 /* Main.storyboard */,
				04F346661C8ECE140012BF35 /* Assets.xcassets */,
				04F346681C8ECE140012BF35 /* LaunchScreen.storyboard */,
				04F3466B1C8ECE140012BF35 /* Info.plist */,
				04F3465A1C8ECE140012BF35 /* Supporting Files */,
			);
			path = SJJWaterCollcetionViewLayout;
			sourceTree = "<group>";
		};
		04F3465A1C8ECE140012BF35 /* Supporting Files */ = {
			isa = PBXGroup;
			children = (
				04F8F0A61C91265D0005281C /* PrefixHeader.pch */,
				04F3465B1C8ECE140012BF35 /* main.m */,
			);
			name = "Supporting Files";
			sourceTree = "<group>";
		};
		04F346731C8ECE140012BF35 /* SJJWaterCollcetionViewLayoutTests */ = {
			isa = PBXGroup;
			children = (
				04F346741C8ECE140012BF35 /* SJJWaterCollcetionViewLayoutTests.m */,
				04F346761C8ECE140012BF35 /* Info.plist */,
			);
			path = SJJWaterCollcetionViewLayoutTests;
			sourceTree = "<group>";
		};
		04F3467E1C8ECE140012BF35 /* SJJWaterCollcetionViewLayoutUITests */ = {
			isa = PBXGroup;
			children = (
				04F3467F1C8ECE140012BF35 /* SJJWaterCollcetionViewLayoutUITests.m */,
				04F346811C8ECE140012BF35 /* Info.plist */,
			);
			path = SJJWaterCollcetionViewLayoutUITests;
			sourceTree = "<group>";
		};
/* End PBXGroup section */

/* Begin PBXNativeTarget section */
		04F346561C8ECE130012BF35 /* SJJWaterCollcetionViewLayout */ = {
			isa = PBXNativeTarget;
			buildConfigurationList = 04F346841C8ECE140012BF35 /* Build configuration list for PBXNativeTarget "SJJWaterCollcetionViewLayout" */;
			buildPhases = (
				04F346531C8ECE130012BF35 /* Sources */,
				04F346541C8ECE130012BF35 /* Frameworks */,
				04F346551C8ECE130012BF35 /* Resources */,
			);
			buildRules = (
			);
			dependencies = (
			);
			name = SJJWaterCollcetionViewLayout;
			productName = SJJWaterCollcetionViewLayout;
			productReference = 04F346571C8ECE130012BF35 /* SJJWaterCollcetionViewLayout.app */;
			productType = "com.apple.product-type.application";
		};
		04F3466F1C8ECE140012BF35 /* SJJWaterCollcetionViewLayoutTests */ = {
			isa = PBXNativeTarget;
			buildConfigurationList = 04F346871C8ECE140012BF35 /* Build configuration list for PBXNativeTarget "SJJWaterCollcetionViewLayoutTests" */;
			buildPhases = (
				04F3466C1C8ECE140012BF35 /* Sources */,
				04F3466D1C8ECE140012BF35 /* Frameworks */,
				04F3466E1C8ECE140012BF35 /* Resources */,
			);
			buildRules = (
			);
			dependencies = (
				04F346721C8ECE140012BF35 /* PBXTargetDependency */,
			);
			name = SJJWaterCollcetionViewLayoutTests;
			productName = SJJWaterCollcetionViewLayoutTests;
			productReference = 04F346701C8ECE140012BF35 /* SJJWaterCollcetionViewLayoutTests.xctest */;
			productType = "com.apple.product-type.bundle.unit-test";
		};
		04F3467A1C8ECE140012BF35 /* SJJWaterCollcetionViewLayoutUITests */ = {
			isa = PBXNativeTarget;
			buildConfigurationList = 04F3468A1C8ECE140012BF35 /* Build configuration list for PBXNativeTarget "SJJWaterCollcetionViewLayoutUITests" */;
			buildPhases = (
				04F346771C8ECE140012BF35 /* Sources */,
				04F346781C8ECE140012BF35 /* Frameworks */,
				04F346791C8ECE140012BF35 /* Resources */,
			);
			buildRules = (
			);
			dependencies = (
				04F3467D1C8ECE140012BF35 /* PBXTargetDependency */,
			);
			name = SJJWaterCollcetionViewLayoutUITests;
			productName = SJJWaterCollcetionViewLayoutUITests;
			productReference = 04F3467B1C8ECE140012BF35 /* SJJWaterCollcetionViewLayoutUITests.xctest */;
			productType = "com.apple.product-type.bundle.ui-testing";
		};
/* End PBXNativeTarget section */

/* Begin PBXProject section */
		04F3464F1C8ECE130012BF35 /* Project object */ = {
			isa = PBXProject;
			attributes = {
				LastUpgradeCheck = 0720;
				ORGANIZATIONNAME = sujunjie;
				TargetAttributes = {
					04F346561C8ECE130012BF35 = {
						CreatedOnToolsVersion = 7.2;
					};
					04F3466F1C8ECE140012BF35 = {
						CreatedOnToolsVersion = 7.2;
						TestTargetID = 04F346561C8ECE130012BF35;
					};
					04F3467A1C8ECE140012BF35 = {
						CreatedOnToolsVersion = 7.2;
						TestTargetID = 04F346561C8ECE130012BF35;
					};
				};
			};
			buildConfigurationList = 04F346521C8ECE130012BF35 /* Build configuration list for PBXProject "SJJWaterCollcetionViewLayout" */;
			compatibilityVersion = "Xcode 3.2";
			developmentRegion = English;
			hasScannedForEncodings = 0;
			knownRegions = (
				en,
				Base,
			);
			mainGroup = 04F3464E1C8ECE130012BF35;
			productRefGroup = 04F346581C8ECE130012BF35 /* Products */;
			projectDirPath = "";
			projectRoot = "";
			targets = (
				04F346561C8ECE130012BF35 /* SJJWaterCollcetionViewLayout */,
				04F3466F1C8ECE140012BF35 /* SJJWaterCollcetionViewLayoutTests */,
				04F3467A1C8ECE140012BF35 /* SJJWaterCollcetionViewLayoutUITests */,
			);
		};
/* End PBXProject section */

/* Begin PBXResourcesBuildPhase section */
		04F346551C8ECE130012BF35 /* Resources */ = {
			isa = PBXResourcesBuildPhase;
			buildActionMask = 2147483647;
			files = (
				04F3466A1C8ECE140012BF35 /* LaunchScreen.storyboard in Resources */,
				04F346671C8ECE140012BF35 /* Assets.xcassets in Resources */,
				04F346651C8ECE140012BF35 /* Main.storyboard in Resources */,
			);
			runOnlyForDeploymentPostprocessing = 0;
		};
		04F3466E1C8ECE140012BF35 /* Resources */ = {
			isa = PBXResourcesBuildPhase;
			buildActionMask = 2147483647;
			files = (
			);
			runOnlyForDeploymentPostprocessing = 0;
		};
		04F346791C8ECE140012BF35 /* Resources */ = {
			isa = PBXResourcesBuildPhase;
			buildActionMask = 2147483647;
			files = (
			);
			runOnlyForDeploymentPostprocessing = 0;
		};
/* End PBXResourcesBuildPhase section */

/* Begin PBXSourcesBuildPhase section */
		04F346531C8ECE130012BF35 /* Sources */ = {
			isa = PBXSourcesBuildPhase;
			buildActionMask = 2147483647;
			files = (
				04F3468F1C8ECE7B0012BF35 /* JWatterLayout.m in Sources */,
				04F346921C8ED22E0012BF35 /* JJCollectionViewCell.m in Sources */,
				04F346621C8ECE140012BF35 /* ViewController.m in Sources */,
				04F3465F1C8ECE140012BF35 /* AppDelegate.m in Sources */,
				04F3465C1C8ECE140012BF35 /* main.m in Sources */,
			);
			runOnlyForDeploymentPostprocessing = 0;
		};
		04F3466C1C8ECE140012BF35 /* Sources */ = {
			isa = PBXSourcesBuildPhase;
			buildActionMask = 2147483647;
			files = (
				04F346751C8ECE140012BF35 /* SJJWaterCollcetionViewLayoutTests.m in Sources */,
			);
			runOnlyForDeploymentPostprocessing = 0;
		};
		04F346771C8ECE140012BF35 /* Sources */ = {
			isa = PBXSourcesBuildPhase;
			buildActionMask = 2147483647;
			files = (
				04F346801C8ECE140012BF35 /* SJJWaterCollcetionViewLayoutUITests.m in Sources */,
			);
			runOnlyForDeploymentPostprocessing = 0;
		};
/* End PBXSourcesBuildPhase section */

/* Begin PBXTargetDependency section */
		04F346721C8ECE140012BF35 /* PBXTargetDependency */ = {
			isa = PBXTargetDependency;
			target = 04F346561C8ECE130012BF35 /* SJJWaterCollcetionViewLayout */;
			targetProxy = 04F346711C8ECE140012BF35 /* PBXContainerItemProxy */;
		};
		04F3467D1C8ECE140012BF35 /* PBXTargetDependency */ = {
			isa = PBXTargetDependency;
			target = 04F346561C8ECE130012BF35 /* SJJWaterCollcetionViewLayout */;
			targetProxy = 04F3467C1C8ECE140012BF35 /* PBXContainerItemProxy */;
		};
/* End PBXTargetDependency section */

/* Begin PBXVariantGroup section */
		04F346631C8ECE140012BF35 /* Main.storyboard */ = {
			isa = PBXVariantGroup;
			children = (
				04F346641C8ECE140012BF35 /* Base */,
			);
			name = Main.storyboard;
			sourceTree = "<group>";
		};
		04F346681C8ECE140012BF35 /* LaunchScreen.storyboard */ = {
			isa = PBXVariantGroup;
			children = (
				04F346691C8ECE140012BF35 /* Base */,
			);
			name = LaunchScreen.storyboard;
			sourceTree = "<group>";
		};
/* End PBXVariantGroup section */

/* Begin XCBuildConfiguration section */
		04F346821C8ECE140012BF35 /* Debug */ = {
			isa = XCBuildConfiguration;
			buildSettings = {
				ALWAYS_SEARCH_USER_PATHS = NO;
				CLANG_CXX_LANGUAGE_STANDARD = "gnu++0x";
				CLANG_CXX_LIBRARY = "libc++";
				CLANG_ENABLE_MODULES = YES;
				CLANG_ENABLE_OBJC_ARC = YES;
				CLANG_WARN_BOOL_CONVERSION = YES;
				CLANG_WARN_CONSTANT_CONVERSION = YES;
				CLANG_WARN_DIRECT_OBJC_ISA_USAGE = YES_ERROR;
				CLANG_WARN_EMPTY_BODY = YES;
				CLANG_WARN_ENUM_CONVERSION = YES;
				CLANG_WARN_INT_CONVERSION = YES;
				CLANG_WARN_OBJC_ROOT_CLASS = YES_ERROR;
				CLANG_WARN_UNREACHABLE_CODE = YES;
				CLANG_WARN__DUPLICATE_METHOD_MATCH = YES;
				"CODE_SIGN_IDENTITY[sdk=iphoneos*]" = "iPhone Developer";
				COPY_PHASE_STRIP = NO;
				DEBUG_INFORMATION_FORMAT = dwarf;
				ENABLE_STRICT_OBJC_MSGSEND = YES;
				ENABLE_TESTABILITY = YES;
				GCC_C_LANGUAGE_STANDARD = gnu99;
				GCC_DYNAMIC_NO_PIC = NO;
				GCC_NO_COMMON_BLOCKS = YES;
				GCC_OPTIMIZATION_LEVEL = 0;
				GCC_PREPROCESSOR_DEFINITIONS = (
					"DEBUG=1",
					"$(inherited)",
				);
				GCC_WARN_64_TO_32_BIT_CONVERSION = YES;
				GCC_WARN_ABOUT_RETURN_TYPE = YES_ERROR;
				GCC_WARN_UNDECLARED_SELECTOR = YES;
				GCC_WARN_UNINITIALIZED_AUTOS = YES_AGGRESSIVE;
				GCC_WARN_UNUSED_FUNCTION = YES;
				GCC_WARN_UNUSED_VARIABLE = YES;
				IPHONEOS_DEPLOYMENT_TARGET = 9.2;
				MTL_ENABLE_DEBUG_INFO = YES;
				ONLY_ACTIVE_ARCH = YES;
				SDKROOT = iphoneos;
				TARGETED_DEVICE_FAMILY = "1,2";
			};
			name = Debug;
		};
		04F346831C8ECE140012BF35 /* Release */ = {
			isa = XCBuildConfiguration;
			buildSettings = {
				ALWAYS_SEARCH_USER_PATHS = NO;
				CLANG_CXX_LANGUAGE_STANDARD = "gnu++0x";
				CLANG_CXX_LIBRARY = "libc++";
				CLANG_ENABLE_MODULES = YES;
				CLANG_ENABLE_OBJC_ARC = YES;
				CLANG_WARN_BOOL_CONVERSION = YES;
				CLANG_WARN_CONSTANT_CONVERSION = YES;
				CLANG_WARN_DIRECT_OBJC_ISA_USAGE = YES_ERROR;
				CLANG_WARN_EMPTY_BODY = YES;
				CLANG_WARN_ENUM_CONVERSION = YES;
				CLANG_WARN_INT_CONVERSION = YES;
				CLANG_WARN_OBJC_ROOT_CLASS = YES_ERROR;
				CLANG_WARN_UNREACHABLE_CODE = YES;
				CLANG_WARN__DUPLICATE_METHOD_MATCH = YES;
				"CODE_SIGN_IDENTITY[sdk=iphoneos*]" = "iPhone Developer";
				COPY_PHASE_STRIP = NO;
				DEBUG_INFORMATION_FORMAT = "dwarf-with-dsym";
				ENABLE_NS_ASSERTIONS = NO;
				ENABLE_STRICT_OBJC_MSGSEND = YES;
				GCC_C_LANGUAGE_STANDARD = gnu99;
				GCC_NO_COMMON_BLOCKS = YES;
				GCC_WARN_64_TO_32_BIT_CONVERSION = YES;
				GCC_WARN_ABOUT_RETURN_TYPE = YES_ERROR;
				GCC_WARN_UNDECLARED_SELECTOR = YES;
				GCC_WARN_UNINITIALIZED_AUTOS = YES_AGGRESSIVE;
				GCC_WARN_UNUSED_FUNCTION = YES;
				GCC_WARN_UNUSED_VARIABLE = YES;
				IPHONEOS_DEPLOYMENT_TARGET = 9.2;
				MTL_ENABLE_DEBUG_INFO = NO;
				SDKROOT = iphoneos;
				TARGETED_DEVICE_FAMILY = "1,2";
				VALIDATE_PRODUCT = YES;
			};
			name = Release;
		};
		04F346851C8ECE140012BF35 /* Debug */ = {
			isa = XCBuildConfiguration;
			buildSettings = {
				ASSETCATALOG_COMPILER_APPICON_NAME = AppIcon;
				GCC_PREFIX_HEADER = SJJWaterCollcetionViewLayout/PrefixHeader.pch;
				INFOPLIST_FILE = SJJWaterCollcetionViewLayout/Info.plist;
				LD_RUNPATH_SEARCH_PATHS = "$(inherited) @executable_path/Frameworks";
				PRODUCT_BUNDLE_IDENTIFIER = sujunjie.SJJWaterCollcetionViewLayout;
				PRODUCT_NAME = "$(TARGET_NAME)";
			};
			name = Debug;
		};
		04F346861C8ECE140012BF35 /* Release */ = {
			isa = XCBuildConfiguration;
			buildSettings = {
				ASSETCATALOG_COMPILER_APPICON_NAME = AppIcon;
				GCC_PREFIX_HEADER = SJJWaterCollcetionViewLayout/PrefixHeader.pch;
				INFOPLIST_FILE = SJJWaterCollcetionViewLayout/Info.plist;
				LD_RUNPATH_SEARCH_PATHS = "$(inherited) @executable_path/Frameworks";
				PRODUCT_BUNDLE_IDENTIFIER = sujunjie.SJJWaterCollcetionViewLayout;
				PRODUCT_NAME = "$(TARGET_NAME)";
			};
			name = Release;
		};
		04F346881C8ECE140012BF35 /* Debug */ = {
			isa = XCBuildConfiguration;
			buildSettings = {
				BUNDLE_LOADER = "$(TEST_HOST)";
				INFOPLIST_FILE = SJJWaterCollcetionViewLayoutTests/Info.plist;
				LD_RUNPATH_SEARCH_PATHS = "$(inherited) @executable_path/Frameworks @loader_path/Frameworks";
				PRODUCT_BUNDLE_IDENTIFIER = sujunjie.SJJWaterCollcetionViewLayoutTests;
				PRODUCT_NAME = "$(TARGET_NAME)";
				TEST_HOST = "$(BUILT_PRODUCTS_DIR)/SJJWaterCollcetionViewLayout.app/SJJWaterCollcetionViewLayout";
			};
			name = Debug;
		};
		04F346891C8ECE140012BF35 /* Release */ = {
			isa = XCBuildConfiguration;
			buildSettings = {
				BUNDLE_LOADER = "$(TEST_HOST)";
				INFOPLIST_FILE = SJJWaterCollcetionViewLayoutTests/Info.plist;
				LD_RUNPATH_SEARCH_PATHS = "$(inherited) @executable_path/Frameworks @loader_path/Frameworks";
				PRODUCT_BUNDLE_IDENTIFIER = sujunjie.SJJWaterCollcetionViewLayoutTests;
				PRODUCT_NAME = "$(TARGET_NAME)";
				TEST_HOST = "$(BUILT_PRODUCTS_DIR)/SJJWaterCollcetionViewLayout.app/SJJWaterCollcetionViewLayout";
			};
			name = Release;
		};
		04F3468B1C8ECE140012BF35 /* Debug */ = {
			isa = XCBuildConfiguration;
			buildSettings = {
				INFOPLIST_FILE = SJJWaterCollcetionViewLayoutUITests/Info.plist;
				LD_RUNPATH_SEARCH_PATHS = "$(inherited) @executable_path/Frameworks @loader_path/Frameworks";
				PRODUCT_BUNDLE_IDENTIFIER = sujunjie.SJJWaterCollcetionViewLayoutUITests;
				PRODUCT_NAME = "$(TARGET_NAME)";
				TEST_TARGET_NAME = SJJWaterCollcetionViewLayout;
				USES_XCTRUNNER = YES;
			};
			name = Debug;
		};
		04F3468C1C8ECE140012BF35 /* Release */ = {
			isa = XCBuildConfiguration;
			buildSettings = {
				INFOPLIST_FILE = SJJWaterCollcetionViewLayoutUITests/Info.plist;
				LD_RUNPATH_SEARCH_PATHS = "$(inherited) @executable_path/Frameworks @loader_path/Frameworks";
				PRODUCT_BUNDLE_IDENTIFIER = sujunjie.SJJWaterCollcetionViewLayoutUITests;
				PRODUCT_NAME = "$(TARGET_NAME)";
				TEST_TARGET_NAME = SJJWaterCollcetionViewLayout;
				USES_XCTRUNNER = YES;
			};
			name = Release;
		};
/* End XCBuildConfiguration section */

/* Begin XCConfigurationList section */
		04F346521C8ECE130012BF35 /* Build configuration list for PBXProject "SJJWaterCollcetionViewLayout" */ = {
			isa = XCConfigurationList;
			buildConfigurations = (
				04F346821C8ECE140012BF35 /* Debug */,
				04F346831C8ECE140012BF35 /* Release */,
			);
			defaultConfigurationIsVisible = 0;
			defaultConfigurationName = Release;
		};
		04F346841C8ECE140012BF35 /* Build configuration list for PBXNativeTarget "SJJWaterCollcetionViewLayout" */ = {
			isa = XCConfigurationList;
			buildConfigurations = (
				04F346851C8ECE140012BF35 /* Debug */,
				04F346861C8ECE140012BF35 /* Release */,
			);
			defaultConfigurationIsVisible = 0;
			defaultConfigurationName = Release;
		};
		04F346871C8ECE140012BF35 /* Build configuration list for PBXNativeTarget "SJJWaterCollcetionViewLayoutTests" */ = {
			isa = XCConfigurationList;
			buildConfigurations = (
				04F346881C8ECE140012BF35 /* Debug */,
				04F346891C8ECE140012BF35 /* Release */,
			);
			defaultConfigurationIsVisible = 0;
			defaultConfigurationName = Release;
		};
		04F3468A1C8ECE140012BF35 /* Build configuration list for PBXNativeTarget "SJJWaterCollcetionViewLayoutUITests" */ = {
			isa = XCConfigurationList;
			buildConfigurations = (
				04F3468B1C8ECE140012BF35 /* Debug */,
				04F3468C1C8ECE140012BF35 /* Release */,
			);
			defaultConfigurationIsVisible = 0;
			defaultConfigurationName = Release;
		};
/* End XCConfigurationList section */
	};
	rootObject = 04F3464F1C8ECE130012BF35 /* Project object */;
}
